// !$*UTF8*$!
{
	archiveVersion = 1;
	classes = {
	};
	objectVersion = 51;
	objects = {

/* Begin PBXBuildFile section */
		2BD0FAE2249733E700541F08 /* AppDelegate.swift in Sources */ = {isa = PBXBuildFile; fileRef = 2BD0FAE1249733E700541F08 /* AppDelegate.swift */; };
		2BD0FAE4249733E700541F08 /* SceneDelegate.swift in Sources */ = {isa = PBXBuildFile; fileRef = 2BD0FAE3249733E700541F08 /* SceneDelegate.swift */; };
		2BD0FAE6249733E700541F08 /* ViewController.swift in Sources */ = {isa = PBXBuildFile; fileRef = 2BD0FAE5249733E700541F08 /* ViewController.swift */; };
		2BD0FAE9249733E700541F08 /* Main.storyboard in Resources */ = {isa = PBXBuildFile; fileRef = 2BD0FAE7249733E700541F08 /* Main.storyboard */; };
		2BD0FAEB249733E800541F08 /* Assets.xcassets in Resources */ = {isa = PBXBuildFile; fileRef = 2BD0FAEA249733E800541F08 /* Assets.xcassets */; };
		2BD0FAEE249733E800541F08 /* LaunchScreen.storyboard in Resources */ = {isa = PBXBuildFile; fileRef = 2BD0FAEC249733E800541F08 /* LaunchScreen.storyboard */; };
		2BD0FAF9249733E800541F08 /* SCBTests.swift in Sources */ = {isa = PBXBuildFile; fileRef = 2BD0FAF8249733E800541F08 /* SCBTests.swift */; };
		2BD0FB0724975A6300541F08 /* ColumnFlowLayout.swift in Sources */ = {isa = PBXBuildFile; fileRef = 2BD0FB0624975A6300541F08 /* ColumnFlowLayout.swift */; };
		2BD0FB0C2497606500541F08 /* Movie.swift in Sources */ = {isa = PBXBuildFile; fileRef = 2BD0FB0B2497606500541F08 /* Movie.swift */; };
		2BD0FB0E2497690600541F08 /* Constant.swift in Sources */ = {isa = PBXBuildFile; fileRef = 2BD0FB0D2497690600541F08 /* Constant.swift */; };
		2BD0FB1024976B5700541F08 /* NetworkManager.swift in Sources */ = {isa = PBXBuildFile; fileRef = 2BD0FB0F24976B5700541F08 /* NetworkManager.swift */; };
		2BD0FB12249772D400541F08 /* MovieListPresenter.swift in Sources */ = {isa = PBXBuildFile; fileRef = 2BD0FB11249772D400541F08 /* MovieListPresenter.swift */; };
		2BD0FB142497779600541F08 /* MovieListCustomCell.swift in Sources */ = {isa = PBXBuildFile; fileRef = 2BD0FB132497779600541F08 /* MovieListCustomCell.swift */; };
		2BD0FB1624978C5600541F08 /* MovieDetail.swift in Sources */ = {isa = PBXBuildFile; fileRef = 2BD0FB1524978C5600541F08 /* MovieDetail.swift */; };
		2BD0FB182497934500541F08 /* MovieDetailViewController.swift in Sources */ = {isa = PBXBuildFile; fileRef = 2BD0FB172497934500541F08 /* MovieDetailViewController.swift */; };
		2BD0FB1A2497A78100541F08 /* MovieDetailCustomCell.swift in Sources */ = {isa = PBXBuildFile; fileRef = 2BD0FB192497A78100541F08 /* MovieDetailCustomCell.swift */; };
		2BD0FB1C2497AA2D00541F08 /* MovieDetailPresenter.swift in Sources */ = {isa = PBXBuildFile; fileRef = 2BD0FB1B2497AA2D00541F08 /* MovieDetailPresenter.swift */; };
		2BD0FB1F2497CF5800541F08 /* LoadingReusableView.swift in Sources */ = {isa = PBXBuildFile; fileRef = 2BD0FB1D2497CF5800541F08 /* LoadingReusableView.swift */; };
		2BD0FB202497CF5800541F08 /* LoadingReusableView.xib in Resources */ = {isa = PBXBuildFile; fileRef = 2BD0FB1E2497CF5800541F08 /* LoadingReusableView.xib */; };
		3609AB4D942A60F01DDB27A3 /* Pods_SCB.framework in Frameworks */ = {isa = PBXBuildFile; fileRef = A47517BEE8A8A96EF556CE20 /* Pods_SCB.framework */; };
/* End PBXBuildFile section */

/* Begin PBXContainerItemProxy section */
		2BD0FAF5249733E800541F08 /* PBXContainerItemProxy */ = {
			isa = PBXContainerItemProxy;
			containerPortal = 2BD0FAD6249733E700541F08 /* Project object */;
			proxyType = 1;
			remoteGlobalIDString = 2BD0FADD249733E700541F08;
			remoteInfo = SCB;
		};
/* End PBXContainerItemProxy section */

/* Begin PBXFileReference section */
		2BD0FADE249733E700541F08 /* SCB.app */ = {isa = PBXFileReference; explicitFileType = wrapper.application; includeInIndex = 0; path = SCB.app; sourceTree = BUILT_PRODUCTS_DIR; };
		2BD0FAE1249733E700541F08 /* AppDelegate.swift */ = {isa = PBXFileReference; lastKnownFileType = sourcecode.swift; path = AppDelegate.swift; sourceTree = "<group>"; };
		2BD0FAE3249733E700541F08 /* SceneDelegate.swift */ = {isa = PBXFileReference; lastKnownFileType = sourcecode.swift; path = SceneDelegate.swift; sourceTree = "<group>"; };
		2BD0FAE5249733E700541F08 /* ViewController.swift */ = {isa = PBXFileReference; lastKnownFileType = sourcecode.swift; path = ViewController.swift; sourceTree = "<group>"; };
		2BD0FAE8249733E700541F08 /* Base */ = {isa = PBXFileReference; lastKnownFileType = file.storyboard; name = Base; path = Base.lproj/Main.storyboard; sourceTree = "<group>"; };
		2BD0FAEA249733E800541F08 /* Assets.xcassets */ = {isa = PBXFileReference; lastKnownFileType = folder.assetcatalog; path = Assets.xcassets; sourceTree = "<group>"; };
		2BD0FAED249733E800541F08 /* Base */ = {isa = PBXFileReference; lastKnownFileType = file.storyboard; name = Base; path = Base.lproj/LaunchScreen.storyboard; sourceTree = "<group>"; };
		2BD0FAEF249733E800541F08 /* Info.plist */ = {isa = PBXFileReference; lastKnownFileType = text.plist.xml; path = Info.plist; sourceTree = "<group>"; };
		2BD0FAF4249733E800541F08 /* SCBTests.xctest */ = {isa = PBXFileReference; explicitFileType = wrapper.cfbundle; includeInIndex = 0; path = SCBTests.xctest; sourceTree = BUILT_PRODUCTS_DIR; };
		2BD0FAF8249733E800541F08 /* SCBTests.swift */ = {isa = PBXFileReference; lastKnownFileType = sourcecode.swift; path = SCBTests.swift; sourceTree = "<group>"; };
		2BD0FAFA249733E800541F08 /* Info.plist */ = {isa = PBXFileReference; lastKnownFileType = text.plist.xml; path = Info.plist; sourceTree = "<group>"; };
		2BD0FB0624975A6300541F08 /* ColumnFlowLayout.swift */ = {isa = PBXFileReference; lastKnownFileType = sourcecode.swift; path = ColumnFlowLayout.swift; sourceTree = "<group>"; };
		2BD0FB0B2497606500541F08 /* Movie.swift */ = {isa = PBXFileReference; lastKnownFileType = sourcecode.swift; path = Movie.swift; sourceTree = "<group>"; };
		2BD0FB0D2497690600541F08 /* Constant.swift */ = {isa = PBXFileReference; lastKnownFileType = sourcecode.swift; path = Constant.swift; sourceTree = "<group>"; };
		2BD0FB0F24976B5700541F08 /* NetworkManager.swift */ = {isa = PBXFileReference; lastKnownFileType = sourcecode.swift; path = NetworkManager.swift; sourceTree = "<group>"; };
		2BD0FB11249772D400541F08 /* MovieListPresenter.swift */ = {isa = PBXFileReference; lastKnownFileType = sourcecode.swift; path = MovieListPresenter.swift; sourceTree = "<group>"; };
		2BD0FB132497779600541F08 /* MovieListCustomCell.swift */ = {isa = PBXFileReference; lastKnownFileType = sourcecode.swift; path = MovieListCustomCell.swift; sourceTree = "<group>"; };
		2BD0FB1524978C5600541F08 /* MovieDetail.swift */ = {isa = PBXFileReference; lastKnownFileType = sourcecode.swift; path = MovieDetail.swift; sourceTree = "<group>"; };
		2BD0FB172497934500541F08 /* MovieDetailViewController.swift */ = {isa = PBXFileReference; lastKnownFileType = sourcecode.swift; path = MovieDetailViewController.swift; sourceTree = "<group>"; };
		2BD0FB192497A78100541F08 /* MovieDetailCustomCell.swift */ = {isa = PBXFileReference; lastKnownFileType = sourcecode.swift; path = MovieDetailCustomCell.swift; sourceTree = "<group>"; };
		2BD0FB1B2497AA2D00541F08 /* MovieDetailPresenter.swift */ = {isa = PBXFileReference; lastKnownFileType = sourcecode.swift; path = MovieDetailPresenter.swift; sourceTree = "<group>"; };
		2BD0FB1D2497CF5800541F08 /* LoadingReusableView.swift */ = {isa = PBXFileReference; lastKnownFileType = sourcecode.swift; path = LoadingReusableView.swift; sourceTree = "<group>"; };
		2BD0FB1E2497CF5800541F08 /* LoadingReusableView.xib */ = {isa = PBXFileReference; lastKnownFileType = file.xib; path = LoadingReusableView.xib; sourceTree = "<group>"; };
		54E5C587F5E060AD9AB9C88C /* Pods-SCB.release.xcconfig */ = {isa = PBXFileReference; includeInIndex = 1; lastKnownFileType = text.xcconfig; name = "Pods-SCB.release.xcconfig"; path = "Target Support Files/Pods-SCB/Pods-SCB.release.xcconfig"; sourceTree = "<group>"; };
		A47517BEE8A8A96EF556CE20 /* Pods_SCB.framework */ = {isa = PBXFileReference; explicitFileType = wrapper.framework; includeInIndex = 0; path = Pods_SCB.framework; sourceTree = BUILT_PRODUCTS_DIR; };
		EFDF33528254EAB1D7B94C70 /* Pods-SCB.debug.xcconfig */ = {isa = PBXFileReference; includeInIndex = 1; lastKnownFileType = text.xcconfig; name = "Pods-SCB.debug.xcconfig"; path = "Target Support Files/Pods-SCB/Pods-SCB.debug.xcconfig"; sourceTree = "<group>"; };
/* End PBXFileReference section */

/* Begin PBXFrameworksBuildPhase section */
		2BD0FADB249733E700541F08 /* Frameworks */ = {
			isa = PBXFrameworksBuildPhase;
			buildActionMask = 2147483647;
			files = (
				3609AB4D942A60F01DDB27A3 /* Pods_SCB.framework in Frameworks */,
			);
			runOnlyForDeploymentPostprocessing = 0;
		};
		2BD0FAF1249733E800541F08 /* Frameworks */ = {
			isa = PBXFrameworksBuildPhase;
			buildActionMask = 2147483647;
			files = (
			);
			runOnlyForDeploymentPostprocessing = 0;
		};
/* End PBXFrameworksBuildPhase section */

/* Begin PBXGroup section */
		2BD0FAD5249733E700541F08 = {
			isa = PBXGroup;
			children = (
				2BD0FAE0249733E700541F08 /* SCB */,
				2BD0FAF7249733E800541F08 /* SCBTests */,
				2BD0FADF249733E700541F08 /* Products */,
				3AEDCD71576D302E98F6CD47 /* Pods */,
				FDA49D47B0DCEA70DDD984E4 /* Frameworks */,
			);
			sourceTree = "<group>";
		};
		2BD0FADF249733E700541F08 /* Products */ = {
			isa = PBXGroup;
			children = (
				2BD0FADE249733E700541F08 /* SCB.app */,
				2BD0FAF4249733E800541F08 /* SCBTests.xctest */,
			);
			name = Products;
			sourceTree = "<group>";
		};
		2BD0FAE0249733E700541F08 /* SCB */ = {
			isa = PBXGroup;
			children = (
				2BD0FB0A2497603900541F08 /* Model */,
				2BD0FB0924975FAA00541F08 /* Common */,
				2BD0FB0824975F9E00541F08 /* Network */,
				2BD0FB0524975A2600541F08 /* Controller */,
				2BD0FB0424975A0D00541F08 /* Presenter */,
				2BD0FB03249759EA00541F08 /* View */,
				2BD0FAE1249733E700541F08 /* AppDelegate.swift */,
				2BD0FAE3249733E700541F08 /* SceneDelegate.swift */,
				2BD0FAE5249733E700541F08 /* ViewController.swift */,
				2BD0FAE7249733E700541F08 /* Main.storyboard */,
				2BD0FAEA249733E800541F08 /* Assets.xcassets */,
				2BD0FAEC249733E800541F08 /* LaunchScreen.storyboard */,
				2BD0FAEF249733E800541F08 /* Info.plist */,
			);
			path = SCB;
			sourceTree = "<group>";
		};
		2BD0FAF7249733E800541F08 /* SCBTests */ = {
			isa = PBXGroup;
			children = (
				2BD0FAF8249733E800541F08 /* SCBTests.swift */,
				2BD0FAFA249733E800541F08 /* Info.plist */,
			);
			path = SCBTests;
			sourceTree = "<group>";
		};
		2BD0FB03249759EA00541F08 /* View */ = {
			isa = PBXGroup;
			children = (
				2BD0FB0624975A6300541F08 /* ColumnFlowLayout.swift */,
				2BD0FB132497779600541F08 /* MovieListCustomCell.swift */,
				2BD0FB192497A78100541F08 /* MovieDetailCustomCell.swift */,
				2BD0FB1D2497CF5800541F08 /* LoadingReusableView.swift */,
				2BD0FB1E2497CF5800541F08 /* LoadingReusableView.xib */,
			);
			path = View;
			sourceTree = "<group>";
		};
		2BD0FB0424975A0D00541F08 /* Presenter */ = {
			isa = PBXGroup;
			children = (
				2BD0FB11249772D400541F08 /* MovieListPresenter.swift */,
				2BD0FB1B2497AA2D00541F08 /* MovieDetailPresenter.swift */,
			);
			path = Presenter;
			sourceTree = "<group>";
		};
		2BD0FB0524975A2600541F08 /* Controller */ = {
			isa = PBXGroup;
			children = (
				2BD0FB172497934500541F08 /* MovieDetailViewController.swift */,
			);
			path = Controller;
			sourceTree = "<group>";
		};
		2BD0FB0824975F9E00541F08 /* Network */ = {
			isa = PBXGroup;
			children = (
				2BD0FB0F24976B5700541F08 /* NetworkManager.swift */,
			);
			path = Network;
			sourceTree = "<group>";
		};
		2BD0FB0924975FAA00541F08 /* Common */ = {
			isa = PBXGroup;
			children = (
				2BD0FB0D2497690600541F08 /* Constant.swift */,
			);
			path = Common;
			sourceTree = "<group>";
		};
		2BD0FB0A2497603900541F08 /* Model */ = {
			isa = PBXGroup;
			children = (
				2BD0FB0B2497606500541F08 /* Movie.swift */,
				2BD0FB1524978C5600541F08 /* MovieDetail.swift */,
			);
			path = Model;
			sourceTree = "<group>";
		};
		3AEDCD71576D302E98F6CD47 /* Pods */ = {
			isa = PBXGroup;
			children = (
				EFDF33528254EAB1D7B94C70 /* Pods-SCB.debug.xcconfig */,
				54E5C587F5E060AD9AB9C88C /* Pods-SCB.release.xcconfig */,
			);
			path = Pods;
			sourceTree = "<group>";
		};
		FDA49D47B0DCEA70DDD984E4 /* Frameworks */ = {
			isa = PBXGroup;
			children = (
				A47517BEE8A8A96EF556CE20 /* Pods_SCB.framework */,
			);
			name = Frameworks;
			sourceTree = "<group>";
		};
/* End PBXGroup section */

/* Begin PBXNativeTarget section */
		2BD0FADD249733E700541F08 /* SCB */ = {
			isa = PBXNativeTarget;
			buildConfigurationList = 2BD0FAFD249733E800541F08 /* Build configuration list for PBXNativeTarget "SCB" */;
			buildPhases = (
				F9BCE45F76952CB5B089A9FE /* [CP] Check Pods Manifest.lock */,
				2BD0FADA249733E700541F08 /* Sources */,
				2BD0FADB249733E700541F08 /* Frameworks */,
				2BD0FADC249733E700541F08 /* Resources */,
				E6A4FB47F3E8769A53D98ED7 /* [CP] Embed Pods Frameworks */,
			);
			buildRules = (
			);
			dependencies = (
			);
			name = SCB;
			productName = SCB;
			productReference = 2BD0FADE249733E700541F08 /* SCB.app */;
			productType = "com.apple.product-type.application";
		};
		2BD0FAF3249733E800541F08 /* SCBTests */ = {
			isa = PBXNativeTarget;
			buildConfigurationList = 2BD0FB00249733E800541F08 /* Build configuration list for PBXNativeTarget "SCBTests" */;
			buildPhases = (
				2BD0FAF0249733E800541F08 /* Sources */,
				2BD0FAF1249733E800541F08 /* Frameworks */,
				2BD0FAF2249733E800541F08 /* Resources */,
			);
			buildRules = (
			);
			dependencies = (
				2BD0FAF6249733E800541F08 /* PBXTargetDependency */,
			);
			name = SCBTests;
			productName = SCBTests;
			productReference = 2BD0FAF4249733E800541F08 /* SCBTests.xctest */;
			productType = "com.apple.product-type.bundle.unit-test";
		};
/* End PBXNativeTarget section */

/* Begin PBXProject section */
		2BD0FAD6249733E700541F08 /* Project object */ = {
			isa = PBXProject;
			attributes = {
				LastSwiftUpdateCheck = 1130;
				LastUpgradeCheck = 1130;
				ORGANIZATIONNAME = MAPRO08;
				TargetAttributes = {
					2BD0FADD249733E700541F08 = {
						CreatedOnToolsVersion = 11.3;
					};
					2BD0FAF3249733E800541F08 = {
						CreatedOnToolsVersion = 11.3;
						TestTargetID = 2BD0FADD249733E700541F08;
					};
				};
			};
			buildConfigurationList = 2BD0FAD9249733E700541F08 /* Build configuration list for PBXProject "SCB" */;
			compatibilityVersion = "Xcode 9.3";
			developmentRegion = en;
			hasScannedForEncodings = 0;
			knownRegions = (
				en,
				Base,
			);
			mainGroup = 2BD0FAD5249733E700541F08;
			productRefGroup = 2BD0FADF249733E700541F08 /* Products */;
			projectDirPath = "";
			projectRoot = "";
			targets = (
				2BD0FADD249733E700541F08 /* SCB */,
				2BD0FAF3249733E800541F08 /* SCBTests */,
			);
		};
/* End PBXProject section */

/* Begin PBXResourcesBuildPhase section */
		2BD0FADC249733E700541F08 /* Resources */ = {
			isa = PBXResourcesBuildPhase;
			buildActionMask = 2147483647;
			files = (
				2BD0FB202497CF5800541F08 /* LoadingReusableView.xib in Resources */,
				2BD0FAEE249733E800541F08 /* LaunchScreen.storyboard in Resources */,
				2BD0FAEB249733E800541F08 /* Assets.xcassets in Resources */,
				2BD0FAE9249733E700541F08 /* Main.storyboard in Resources */,
			);
			runOnlyForDeploymentPostprocessing = 0;
		};
		2BD0FAF2249733E800541F08 /* Resources */ = {
			isa = PBXResourcesBuildPhase;
			buildActionMask = 2147483647;
			files = (
			);
			runOnlyForDeploymentPostprocessing = 0;
		};
/* End PBXResourcesBuildPhase section */

/* Begin PBXShellScriptBuildPhase section */
		E6A4FB47F3E8769A53D98ED7 /* [CP] Embed Pods Frameworks */ = {
			isa = PBXShellScriptBuildPhase;
			buildActionMask = 2147483647;
			files = (
			);
			inputFileListPaths = (
				"${PODS_ROOT}/Target Support Files/Pods-SCB/Pods-SCB-frameworks-${CONFIGURATION}-input-files.xcfilelist",
			);
			name = "[CP] Embed Pods Frameworks";
			outputFileListPaths = (
				"${PODS_ROOT}/Target Support Files/Pods-SCB/Pods-SCB-frameworks-${CONFIGURATION}-output-files.xcfilelist",
			);
			runOnlyForDeploymentPostprocessing = 0;
			shellPath = /bin/sh;
			shellScript = "\"${PODS_ROOT}/Target Support Files/Pods-SCB/Pods-SCB-frameworks.sh\"\n";
			showEnvVarsInLog = 0;
		};
		F9BCE45F76952CB5B089A9FE /* [CP] Check Pods Manifest.lock */ = {
			isa = PBXShellScriptBuildPhase;
			buildActionMask = 2147483647;
			files = (
			);
			inputFileListPaths = (
			);
			inputPaths = (
				"${PODS_PODFILE_DIR_PATH}/Podfile.lock",
				"${PODS_ROOT}/Manifest.lock",
			);
			name = "[CP] Check Pods Manifest.lock";
			outputFileListPaths = (
			);
			outputPaths = (
				"$(DERIVED_FILE_DIR)/Pods-SCB-checkManifestLockResult.txt",
			);
			runOnlyForDeploymentPostprocessing = 0;
			shellPath = /bin/sh;
			shellScript = "diff \"${PODS_PODFILE_DIR_PATH}/Podfile.lock\" \"${PODS_ROOT}/Manifest.lock\" > /dev/null\nif [ $? != 0 ] ; then\n    # print error to STDERR\n    echo \"error: The sandbox is not in sync with the Podfile.lock. Run 'pod install' or update your CocoaPods installation.\" >&2\n    exit 1\nfi\n# This output is used by Xcode 'outputs' to avoid re-running this script phase.\necho \"SUCCESS\" > \"${SCRIPT_OUTPUT_FILE_0}\"\n";
			showEnvVarsInLog = 0;
		};
/* End PBXShellScriptBuildPhase section */

/* Begin PBXSourcesBuildPhase section */
		2BD0FADA249733E700541F08 /* Sources */ = {
			isa = PBXSourcesBuildPhase;
			buildActionMask = 2147483647;
			files = (
				2BD0FB1F2497CF5800541F08 /* LoadingReusableView.swift in Sources */,
				2BD0FB142497779600541F08 /* MovieListCustomCell.swift in Sources */,
				2BD0FAE6249733E700541F08 /* ViewController.swift in Sources */,
				2BD0FB0724975A6300541F08 /* ColumnFlowLayout.swift in Sources */,
				2BD0FAE2249733E700541F08 /* AppDelegate.swift in Sources */,
				2BD0FB1C2497AA2D00541F08 /* MovieDetailPresenter.swift in Sources */,
				2BD0FB1024976B5700541F08 /* NetworkManager.swift in Sources */,
				2BD0FAE4249733E700541F08 /* SceneDelegate.swift in Sources */,
				2BD0FB0C2497606500541F08 /* Movie.swift in Sources */,
				2BD0FB1624978C5600541F08 /* MovieDetail.swift in Sources */,
				2BD0FB1A2497A78100541F08 /* MovieDetailCustomCell.swift in Sources */,
				2BD0FB0E2497690600541F08 /* Constant.swift in Sources */,
				2BD0FB12249772D400541F08 /* MovieListPresenter.swift in Sources */,
				2BD0FB182497934500541F08 /* MovieDetailViewController.swift in Sources */,
			);
			runOnlyForDeploymentPostprocessing = 0;
		};
		2BD0FAF0249733E800541F08 /* Sources */ = {
			isa = PBXSourcesBuildPhase;
			buildActionMask = 2147483647;
			files = (
				2BD0FAF9249733E800541F08 /* SCBTests.swift in Sources */,
			);
			runOnlyForDeploymentPostprocessing = 0;
		};
/* End PBXSourcesBuildPhase section */

/* Begin PBXTargetDependency section */
		2BD0FAF6249733E800541F08 /* PBXTargetDependency */ = {
			isa = PBXTargetDependency;
			target = 2BD0FADD249733E700541F08 /* SCB */;
			targetProxy = 2BD0FAF5249733E800541F08 /* PBXContainerItemProxy */;
		};
/* End PBXTargetDependency section */

/* Begin PBXVariantGroup section */
		2BD0FAE7249733E700541F08 /* Main.storyboard */ = {
			isa = PBXVariantGroup;
			children = (
				2BD0FAE8249733E700541F08 /* Base */,
			);
			name = Main.storyboard;
			sourceTree = "<group>";
		};
		2BD0FAEC249733E800541F08 /* LaunchScreen.storyboard */ = {
			isa = PBXVariantGroup;
			children = (
				2BD0FAED249733E800541F08 /* Base */,
			);
			name = LaunchScreen.storyboard;
			sourceTree = "<group>";
		};
/* End PBXVariantGroup section */

/* Begin XCBuildConfiguration section */
		2BD0FAFB249733E800541F08 /* Debug */ = {
			isa = XCBuildConfiguration;
			buildSettings = {
				ALWAYS_SEARCH_USER_PATHS = NO;
				CLANG_ANALYZER_NONNULL = YES;
				CLANG_ANALYZER_NUMBER_OBJECT_CONVERSION = YES_AGGRESSIVE;
				CLANG_CXX_LANGUAGE_STANDARD = "gnu++14";
				CLANG_CXX_LIBRARY = "libc++";
				CLANG_ENABLE_MODULES = YES;
				CLANG_ENABLE_OBJC_ARC = YES;
				CLANG_ENABLE_OBJC_WEAK = YES;
				CLANG_WARN_BLOCK_CAPTURE_AUTORELEASING = YES;
				CLANG_WARN_BOOL_CONVERSION = YES;
				CLANG_WARN_COMMA = YES;
				CLANG_WARN_CONSTANT_CONVERSION = YES;
				CLANG_WARN_DEPRECATED_OBJC_IMPLEMENTATIONS = YES;
				CLANG_WARN_DIRECT_OBJC_ISA_USAGE = YES_ERROR;
				CLANG_WARN_DOCUMENTATION_COMMENTS = YES;
				CLANG_WARN_EMPTY_BODY = YES;
				CLANG_WARN_ENUM_CONVERSION = YES;
				CLANG_WARN_INFINITE_RECURSION = YES;
				CLANG_WARN_INT_CONVERSION = YES;
				CLANG_WARN_NON_LITERAL_NULL_CONVERSION = YES;
				CLANG_WARN_OBJC_IMPLICIT_RETAIN_SELF = YES;
				CLANG_WARN_OBJC_LITERAL_CONVERSION = YES;
				CLANG_WARN_OBJC_ROOT_CLASS = YES_ERROR;
				CLANG_WARN_RANGE_LOOP_ANALYSIS = YES;
				CLANG_WARN_STRICT_PROTOTYPES = YES;
				CLANG_WARN_SUSPICIOUS_MOVE = YES;
				CLANG_WARN_UNGUARDED_AVAILABILITY = YES_AGGRESSIVE;
				CLANG_WARN_UNREACHABLE_CODE = YES;
				CLANG_WARN__DUPLICATE_METHOD_MATCH = YES;
				COPY_PHASE_STRIP = NO;
				DEBUG_INFORMATION_FORMAT = dwarf;
				ENABLE_STRICT_OBJC_MSGSEND = YES;
				ENABLE_TESTABILITY = YES;
				GCC_C_LANGUAGE_STANDARD = gnu11;
				GCC_DYNAMIC_NO_PIC = NO;
				GCC_NO_COMMON_BLOCKS = YES;
				GCC_OPTIMIZATION_LEVEL = 0;
				GCC_PREPROCESSOR_DEFINITIONS = (
					"DEBUG=1",
					"$(inherited)",
				);
				GCC_WARN_64_TO_32_BIT_CONVERSION = YES;
				GCC_WARN_ABOUT_RETURN_TYPE = YES_ERROR;
				GCC_WARN_UNDECLARED_SELECTOR = YES;
				GCC_WARN_UNINITIALIZED_AUTOS = YES_AGGRESSIVE;
				GCC_WARN_UNUSED_FUNCTION = YES;
				GCC_WARN_UNUSED_VARIABLE = YES;
				IPHONEOS_DEPLOYMENT_TARGET = 13.2;
				MTL_ENABLE_DEBUG_INFO = INCLUDE_SOURCE;
				MTL_FAST_MATH = YES;
				ONLY_ACTIVE_ARCH = YES;
				SDKROOT = iphoneos;
				SWIFT_ACTIVE_COMPILATION_CONDITIONS = DEBUG;
				SWIFT_OPTIMIZATION_LEVEL = "-Onone";
			};
			name = Debug;
		};
		2BD0FAFC249733E800541F08 /* Release */ = {
			isa = XCBuildConfiguration;
			buildSettings = {
				ALWAYS_SEARCH_USER_PATHS = NO;
				CLANG_ANALYZER_NONNULL = YES;
				CLANG_ANALYZER_NUMBER_OBJECT_CONVERSION = YES_AGGRESSIVE;
				CLANG_CXX_LANGUAGE_STANDARD = "gnu++14";
				CLANG_CXX_LIBRARY = "libc++";
				CLANG_ENABLE_MODULES = YES;
				CLANG_ENABLE_OBJC_ARC = YES;
				CLANG_ENABLE_OBJC_WEAK = YES;
				CLANG_WARN_BLOCK_CAPTURE_AUTORELEASING = YES;
				CLANG_WARN_BOOL_CONVERSION = YES;
				CLANG_WARN_COMMA = YES;
				CLANG_WARN_CONSTANT_CONVERSION = YES;
				CLANG_WARN_DEPRECATED_OBJC_IMPLEMENTATIONS = YES;
				CLANG_WARN_DIRECT_OBJC_ISA_USAGE = YES_ERROR;
				CLANG_WARN_DOCUMENTATION_COMMENTS = YES;
				CLANG_WARN_EMPTY_BODY = YES;
				CLANG_WARN_ENUM_CONVERSION = YES;
				CLANG_WARN_INFINITE_RECURSION = YES;
				CLANG_WARN_INT_CONVERSION = YES;
				CLANG_WARN_NON_LITERAL_NULL_CONVERSION = YES;
				CLANG_WARN_OBJC_IMPLICIT_RETAIN_SELF = YES;
				CLANG_WARN_OBJC_LITERAL_CONVERSION = YES;
				CLANG_WARN_OBJC_ROOT_CLASS = YES_ERROR;
				CLANG_WARN_RANGE_LOOP_ANALYSIS = YES;
				CLANG_WARN_STRICT_PROTOTYPES = YES;
				CLANG_WARN_SUSPICIOUS_MOVE = YES;
				CLANG_WARN_UNGUARDED_AVAILABILITY = YES_AGGRESSIVE;
				CLANG_WARN_UNREACHABLE_CODE = YES;
				CLANG_WARN__DUPLICATE_METHOD_MATCH = YES;
				COPY_PHASE_STRIP = NO;
				DEBUG_INFORMATION_FORMAT = "dwarf-with-dsym";
				ENABLE_NS_ASSERTIONS = NO;
				ENABLE_STRICT_OBJC_MSGSEND = YES;
				GCC_C_LANGUAGE_STANDARD = gnu11;
				GCC_NO_COMMON_BLOCKS = YES;
				GCC_WARN_64_TO_32_BIT_CONVERSION = YES;
				GCC_WARN_ABOUT_RETURN_TYPE = YES_ERROR;
				GCC_WARN_UNDECLARED_SELECTOR = YES;
				GCC_WARN_UNINITIALIZED_AUTOS = YES_AGGRESSIVE;
				GCC_WARN_UNUSED_FUNCTION = YES;
				GCC_WARN_UNUSED_VARIABLE = YES;
				IPHONEOS_DEPLOYMENT_TARGET = 13.2;
				MTL_ENABLE_DEBUG_INFO = NO;
				MTL_FAST_MATH = YES;
				SDKROOT = iphoneos;
				SWIFT_COMPILATION_MODE = wholemodule;
				SWIFT_OPTIMIZATION_LEVEL = "-O";
				VALIDATE_PRODUCT = YES;
			};
			name = Release;
		};
		2BD0FAFE249733E800541F08 /* Debug */ = {
			isa = XCBuildConfiguration;
			baseConfigurationReference = EFDF33528254EAB1D7B94C70 /* Pods-SCB.debug.xcconfig */;
			buildSettings = {
				ASSETCATALOG_COMPILER_APPICON_NAME = AppIcon;
				CODE_SIGN_STYLE = Automatic;
				INFOPLIST_FILE = SCB/Info.plist;
				LD_RUNPATH_SEARCH_PATHS = (
					"$(inherited)",
					"@executable_path/Frameworks",
				);
				PRODUCT_BUNDLE_IDENTIFIER = Maveric.SCB;
				PRODUCT_NAME = "$(TARGET_NAME)";
				SWIFT_VERSION = 5.0;
				TARGETED_DEVICE_FAMILY = "1,2";
			};
			name = Debug;
		};
		2BD0FAFF249733E800541F08 /* Release */ = {
			isa = XCBuildConfiguration;
			baseConfigurationReference = 54E5C587F5E060AD9AB9C88C /* Pods-SCB.release.xcconfig */;
			buildSettings = {
				ASSETCATALOG_COMPILER_APPICON_NAME = AppIcon;
				CODE_SIGN_STYLE = Automatic;
				INFOPLIST_FILE = SCB/Info.plist;
				LD_RUNPATH_SEARCH_PATHS = (
					"$(inherited)",
					"@executable_path/Frameworks",
				);
				PRODUCT_BUNDLE_IDENTIFIER = Maveric.SCB;
				PRODUCT_NAME = "$(TARGET_NAME)";
				SWIFT_VERSION = 5.0;
				TARGETED_DEVICE_FAMILY = "1,2";
			};
			name = Release;
		};
		2BD0FB01249733E800541F08 /* Debug */ = {
			isa = XCBuildConfiguration;
			buildSettings = {
				ALWAYS_EMBED_SWIFT_STANDARD_LIBRARIES = YES;
				BUNDLE_LOADER = "$(TEST_HOST)";
				CODE_SIGN_STYLE = Automatic;
				INFOPLIST_FILE = SCBTests/Info.plist;
				IPHONEOS_DEPLOYMENT_TARGET = 13.2;
				LD_RUNPATH_SEARCH_PATHS = (
					"$(inherited)",
					"@executable_path/Frameworks",
					"@loader_path/Frameworks",
				);
				PRODUCT_BUNDLE_IDENTIFIER = Maveric.SCBTests;
				PRODUCT_NAME = "$(TARGET_NAME)";
				SWIFT_VERSION = 5.0;
				TARGETED_DEVICE_FAMILY = "1,2";
				TEST_HOST = "$(BUILT_PRODUCTS_DIR)/SCB.app/SCB";
			};
			name = Debug;
		};
		2BD0FB02249733E800541F08 /* Release */ = {
			isa = XCBuildConfiguration;
			buildSettings = {
				ALWAYS_EMBED_SWIFT_STANDARD_LIBRARIES = YES;
				BUNDLE_LOADER = "$(TEST_HOST)";
				CODE_SIGN_STYLE = Automatic;
				INFOPLIST_FILE = SCBTests/Info.plist;
				IPHONEOS_DEPLOYMENT_TARGET = 13.2;
				LD_RUNPATH_SEARCH_PATHS = (
					"$(inherited)",
					"@executable_path/Frameworks",
					"@loader_path/Frameworks",
				);
				PRODUCT_BUNDLE_IDENTIFIER = Maveric.SCBTests;
				PRODUCT_NAME = "$(TARGET_NAME)";
				SWIFT_VERSION = 5.0;
				TARGETED_DEVICE_FAMILY = "1,2";
				TEST_HOST = "$(BUILT_PRODUCTS_DIR)/SCB.app/SCB";
			};
			name = Release;
		};
/* End XCBuildConfiguration section */

/* Begin XCConfigurationList section */
		2BD0FAD9249733E700541F08 /* Build configuration list for PBXProject "SCB" */ = {
			isa = XCConfigurationList;
			buildConfigurations = (
				2BD0FAFB249733E800541F08 /* Debug */,
				2BD0FAFC249733E800541F08 /* Release */,
			);
			defaultConfigurationIsVisible = 0;
			defaultConfigurationName = Release;
		};
		2BD0FAFD249733E800541F08 /* Build configuration list for PBXNativeTarget "SCB" */ = {
			isa = XCConfigurationList;
			buildConfigurations = (
				2BD0FAFE249733E800541F08 /* Debug */,
				2BD0FAFF249733E800541F08 /* Release */,
			);
			defaultConfigurationIsVisible = 0;
			defaultConfigurationName = Release;
		};
		2BD0FB00249733E800541F08 /* Build configuration list for PBXNativeTarget "SCBTests" */ = {
			isa = XCConfigurationList;
			buildConfigurations = (
				2BD0FB01249733E800541F08 /* Debug */,
				2BD0FB02249733E800541F08 /* Release */,
			);
			defaultConfigurationIsVisible = 0;
			defaultConfigurationName = Release;
		};
/* End XCConfigurationList section */
	};
	rootObject = 2BD0FAD6249733E700541F08 /* Project object */;
}
